
Microsoft Visual Studio Solution File, Format Version 12.00
# Visual Studio 14
VisualStudioVersion = 14.0.23107.0
MinimumVisualStudioVersion = 10.0.40219.1
Project("{FAE04EC0-301F-11D3-BF4B-00C04F79EFBC}") = "Grupperum Dedikeret Klient", "Grupperum Dedikeret Klient\Grupperum Dedikeret Klient.csproj", "{37CABAC9-9FB0-409C-BC64-67999E977C5B}"
	ProjectSection(ProjectDependencies) = postProject
		{6AEC567C-E19C-440F-A387-F7FE4C4A8516} = {6AEC567C-E19C-440F-A387-F7FE4C4A8516}
	EndProjectSection
EndProject
Project("{FAE04EC0-301F-11D3-BF4B-00C04F79EFBC}") = "GrupperumServer", "GrupperumServer\GrupperumServer.csproj", "{E4A75D09-486B-4FFC-957C-73DF9BF6C018}"
EndProject
Project("{FAE04EC0-301F-11D3-BF4B-00C04F79EFBC}") = "WcfGrumService", "WcfGrumService\WcfGrumService.csproj", "{6AEC567C-E19C-440F-A387-F7FE4C4A8516}"
EndProject
Project("{FAE04EC0-301F-11D3-BF4B-00C04F79EFBC}") = "Grupperum Website Klient", "Grupperum Website Klient\Grupperum Website Klient.csproj", "{84DF2675-5719-4AA7-9A88-7367FDC3ACB6}"
EndProject
Project("{FAE04EC0-301F-11D3-BF4B-00C04F79EFBC}") = "GrumHostConsole", "GrumServerConsole\GrumHostConsole.csproj", "{02F9DFCC-5066-45C3-B78D-44309F3CFFF5}"
EndProject
Project("{FAE04EC0-301F-11D3-BF4B-00C04F79EFBC}") = "TestProject", "TestProject\TestProject.csproj", "{EFC907CB-D7D9-44F6-AE42-03FC61EB287F}"
EndProject
Global
	GlobalSection(SolutionConfigurationPlatforms) = preSolution
		Debug|Any CPU = Debug|Any CPU
		Release|Any CPU = Release|Any CPU
	EndGlobalSection
	GlobalSection(ProjectConfigurationPlatforms) = postSolution
		{37CABAC9-9FB0-409C-BC64-67999E977C5B}.Debug|Any CPU.ActiveCfg = Debug|Any CPU
		{37CABAC9-9FB0-409C-BC64-67999E977C5B}.Debug|Any CPU.Build.0 = Debug|Any CPU
		{37CABAC9-9FB0-409C-BC64-67999E977C5B}.Release|Any CPU.ActiveCfg = Release|Any CPU
		{37CABAC9-9FB0-409C-BC64-67999E977C5B}.Release|Any CPU.Build.0 = Release|Any CPU
		{E4A75D09-486B-4FFC-957C-73DF9BF6C018}.Debug|Any CPU.ActiveCfg = Debug|Any CPU
		{E4A75D09-486B-4FFC-957C-73DF9BF6C018}.Debug|Any CPU.Build.0 = Debug|Any CPU
		{E4A75D09-486B-4FFC-957C-73DF9BF6C018}.Release|Any CPU.ActiveCfg = Release|Any CPU
		{E4A75D09-486B-4FFC-957C-73DF9BF6C018}.Release|Any CPU.Build.0 = Release|Any CPU
		{6AEC567C-E19C-440F-A387-F7FE4C4A8516}.Debug|Any CPU.ActiveCfg = Debug|Any CPU
		{6AEC567C-E19C-440F-A387-F7FE4C4A8516}.Debug|Any CPU.Build.0 = Debug|Any CPU
		{6AEC567C-E19C-440F-A387-F7FE4C4A8516}.Release|Any CPU.ActiveCfg = Release|Any CPU
		{6AEC567C-E19C-440F-A387-F7FE4C4A8516}.Release|Any CPU.Build.0 = Release|Any CPU
		{84DF2675-5719-4AA7-9A88-7367FDC3ACB6}.Debug|Any CPU.ActiveCfg = Debug|Any CPU
		{84DF2675-5719-4AA7-9A88-7367FDC3ACB6}.Debug|Any CPU.Build.0 = Debug|Any CPU
		{84DF2675-5719-4AA7-9A88-7367FDC3ACB6}.Release|Any CPU.ActiveCfg = Release|Any CPU
		{84DF2675-5719-4AA7-9A88-7367FDC3ACB6}.Release|Any CPU.Build.0 = Release|Any CPU
		{02F9DFCC-5066-45C3-B78D-44309F3CFFF5}.Debug|Any CPU.ActiveCfg = Debug|Any CPU
		{02F9DFCC-5066-45C3-B78D-44309F3CFFF5}.Debug|Any CPU.Build.0 = Debug|Any CPU
		{02F9DFCC-5066-45C3-B78D-44309F3CFFF5}.Release|Any CPU.ActiveCfg = Release|Any CPU
		{02F9DFCC-5066-45C3-B78D-44309F3CFFF5}.Release|Any CPU.Build.0 = Release|Any CPU
		{EFC907CB-D7D9-44F6-AE42-03FC61EB287F}.Debug|Any CPU.ActiveCfg = Debug|Any CPU
		{EFC907CB-D7D9-44F6-AE42-03FC61EB287F}.Debug|Any CPU.Build.0 = Debug|Any CPU
		{EFC907CB-D7D9-44F6-AE42-03FC61EB287F}.Release|Any CPU.ActiveCfg = Release|Any CPU
		{EFC907CB-D7D9-44F6-AE42-03FC61EB287F}.Release|Any CPU.Build.0 = Release|Any CPU
	EndGlobalSection
	GlobalSection(SolutionProperties) = preSolution
		HideSolutionNode = FALSE
	EndGlobalSection
EndGlobal
